
Microsoft Visual Studio Solution File, Format Version 12.00
# Visual Studio 14
VisualStudioVersion = 14.0.25420.1
MinimumVisualStudioVersion = 10.0.40219.1
Project("{FAE04EC0-301F-11D3-BF4B-00C04F79EFBC}") = "RemotingServices", "ADP Project Final\RemotingServices.csproj", "{9EDF1F5F-D15A-486E-8676-07FF3348918E}"
EndProject
Project("{FAE04EC0-301F-11D3-BF4B-00C04F79EFBC}") = "Model", "Model\Model.csproj", "{4103E2AC-C9BD-4342-8ADF-0BD1267A6653}"
EndProject
Global
	GlobalSection(SolutionConfigurationPlatforms) = preSolution
		Debug|Any CPU = Debug|Any CPU
		Release|Any CPU = Release|Any CPU
	EndGlobalSection
	GlobalSection(ProjectConfigurationPlatforms) = postSolution
		{9EDF1F5F-D15A-486E-8676-07FF3348918E}.Debug|Any CPU.ActiveCfg = Debug|Any CPU
		{9EDF1F5F-D15A-486E-8676-07FF3348918E}.Debug|Any CPU.Build.0 = Debug|Any CPU
		{9EDF1F5F-D15A-486E-8676-07FF3348918E}.Release|Any CPU.ActiveCfg = Release|Any CPU
		{9EDF1F5F-D15A-486E-8676-07FF3348918E}.Release|Any CPU.Build.0 = Release|Any CPU
		{4103E2AC-C9BD-4342-8ADF-0BD1267A6653}.Debug|Any CPU.ActiveCfg = Debug|Any CPU
		{4103E2AC-C9BD-4342-8ADF-0BD1267A6653}.Debug|Any CPU.Build.0 = Debug|Any CPU
		{4103E2AC-C9BD-4342-8ADF-0BD1267A6653}.Release|Any CPU.ActiveCfg = Release|Any CPU
		{4103E2AC-C9BD-4342-8ADF-0BD1267A6653}.Release|Any CPU.Build.0 = Release|Any CPU
	EndGlobalSection
	GlobalSection(SolutionProperties) = preSolution
		HideSolutionNode = FALSE
	EndGlobalSection
EndGlobal
